
Microsoft Visual Studio Solution File, Format Version 12.00
# Visual Studio Version 16
VisualStudioVersion = 16.0.30225.117
MinimumVisualStudioVersion = 10.0.40219.1
Project("{FAE04EC0-301F-11D3-BF4B-00C04F79EFBC}") = "SimuladorGana", "SimuladorGana\SimuladorGana.csproj", "{CC15095C-4E15-434F-8F01-28D01FF480B8}"
EndProject
Global
	GlobalSection(SolutionConfigurationPlatforms) = preSolution
		Debug|Any CPU = Debug|Any CPU
		Release|Any CPU = Release|Any CPU
	EndGlobalSection
	GlobalSection(ProjectConfigurationPlatforms) = postSolution
		{CC15095C-4E15-434F-8F01-28D01FF480B8}.Debug|Any CPU.ActiveCfg = Debug|Any CPU
		{CC15095C-4E15-434F-8F01-28D01FF480B8}.Debug|Any CPU.Build.0 = Debug|Any CPU
		{CC15095C-4E15-434F-8F01-28D01FF480B8}.Release|Any CPU.ActiveCfg = Release|Any CPU
		{CC15095C-4E15-434F-8F01-28D01FF480B8}.Release|Any CPU.Build.0 = Release|Any CPU
	EndGlobalSection
	GlobalSection(SolutionProperties) = preSolution
		HideSolutionNode = FALSE
	EndGlobalSection
	GlobalSection(ExtensibilityGlobals) = postSolution
		SolutionGuid = {513E408F-42F4-4FD0-9F21-08ABB3AFFC80}
	EndGlobalSection
EndGlobal
